
Microsoft Visual Studio Solution File, Format Version 12.00
# Visual Studio Version 16
VisualStudioVersion = 16.0.31410.357
MinimumVisualStudioVersion = 10.0.40219.1
Project("{8BC9CEB8-8B4A-11D0-8D11-00A0C91BC942}") = "InfinityModuleTool", "InfinityModuleTool.vcxproj", "{69466F66-2B91-3F04-B973-C6305FBE1985}"
EndProject
Project("{54435603-DBB4-11D2-8724-00A0C9A8B90C}") = "IMT_Setup", "..\IMT_Setup\IMT_Setup.vdproj", "{97ACEB3A-232C-4495-84C9-3495AF317BB7}"
EndProject
Global
	GlobalSection(SolutionConfigurationPlatforms) = preSolution
		Debug|x64 = Debug|x64
		Release|x64 = Release|x64
	EndGlobalSection
	GlobalSection(ProjectConfigurationPlatforms) = postSolution
		{69466F66-2B91-3F04-B973-C6305FBE1985}.Debug|x64.ActiveCfg = Debug|x64
		{69466F66-2B91-3F04-B973-C6305FBE1985}.Debug|x64.Build.0 = Debug|x64
		{69466F66-2B91-3F04-B973-C6305FBE1985}.Release|x64.ActiveCfg = Release|x64
		{69466F66-2B91-3F04-B973-C6305FBE1985}.Release|x64.Build.0 = Release|x64
		{97ACEB3A-232C-4495-84C9-3495AF317BB7}.Debug|x64.ActiveCfg = Debug
		{97ACEB3A-232C-4495-84C9-3495AF317BB7}.Release|x64.ActiveCfg = Release
		{97ACEB3A-232C-4495-84C9-3495AF317BB7}.Release|x64.Build.0 = Release
	EndGlobalSection
	GlobalSection(SolutionProperties) = preSolution
		HideSolutionNode = FALSE
	EndGlobalSection
	GlobalSection(ExtensibilityGlobals) = postSolution
		SolutionGuid = {8DA40C87-0859-4F3D-87C3-AECD8731AE87}
	EndGlobalSection
EndGlobal
